# This file is automatically @generated by Cargo.
# It is not intended for manual editing.
version = 4

[[package]]
name = "asm"
version = "0.1.0"

[[package]]
name = "collections"
version = "0.1.0"

[[package]]
name = "keyboard"
version = "0.1.0"

[[package]]
name = "kfs"
version = "0.1.0"
dependencies = [
 "collections",
 "keyboard",
 "log",
 "port",
 "ps2",
]

[[package]]
name = "log"
version = "0.1.0"
dependencies = [
 "vga",
]

[[package]]
name = "port"
version = "0.1.0"
dependencies = [
 "asm",
 "sync",
]

[[package]]
name = "ps2"
version = "0.1.0"
dependencies = [
 "keyboard",
 "log",
 "port",
]

[[package]]
name = "sync"
version = "0.1.0"

[[package]]
name = "tui"
version = "0.1.0"
dependencies = [
 "vga",
]

[[package]]
name = "vga"
version = "0.1.0"
